
Microsoft Visual Studio Solution File, Format Version 12.00
# Visual Studio 15
VisualStudioVersion = 15.0.28307.1022
MinimumVisualStudioVersion = 10.0.40219.1
Project("{FAE04EC0-301F-11D3-BF4B-00C04F79EFBC}") = "CouponWithoutOCP", "CouponWithoutOCP\CouponWithoutOCP.csproj", "{9221E365-86BA-4A5F-A4BE-664C22E5055B}"
EndProject
Global
	GlobalSection(SolutionConfigurationPlatforms) = preSolution
		Debug|Any CPU = Debug|Any CPU
		Release|Any CPU = Release|Any CPU
	EndGlobalSection
	GlobalSection(ProjectConfigurationPlatforms) = postSolution
		{9221E365-86BA-4A5F-A4BE-664C22E5055B}.Debug|Any CPU.ActiveCfg = Debug|Any CPU
		{9221E365-86BA-4A5F-A4BE-664C22E5055B}.Debug|Any CPU.Build.0 = Debug|Any CPU
		{9221E365-86BA-4A5F-A4BE-664C22E5055B}.Release|Any CPU.ActiveCfg = Release|Any CPU
		{9221E365-86BA-4A5F-A4BE-664C22E5055B}.Release|Any CPU.Build.0 = Release|Any CPU
	EndGlobalSection
	GlobalSection(SolutionProperties) = preSolution
		HideSolutionNode = FALSE
	EndGlobalSection
	GlobalSection(ExtensibilityGlobals) = postSolution
		SolutionGuid = {0A32B350-9D0D-4CDA-9F1D-542971F2C57C}
	EndGlobalSection
EndGlobal
